
Microsoft Visual Studio Solution File, Format Version 11.00
# Visual Studio 2010
Project("{FAE04EC0-301F-11D3-BF4B-00C04F79EFBC}") = "nd-pubsub-proxy", "..\src\nd-pubsub-proxy\nd-pubsub-proxy.csproj", "{080B6B5C-9FC0-484E-A95D-BEB61AF9F17A}"
EndProject
Project("{FAE04EC0-301F-11D3-BF4B-00C04F79EFBC}") = "Nodelet", "..\src\Nodelet\Nodelet.csproj", "{6F2ABBA0-4427-4F2F-8B61-535211336086}"
EndProject
Project("{FAE04EC0-301F-11D3-BF4B-00C04F79EFBC}") = "nd-pub-clock", "..\src\nd-pub-clock\nd-pub-clock.csproj", "{F486A34E-3416-412D-BEFD-875A05A96865}"
EndProject
Project("{FAE04EC0-301F-11D3-BF4B-00C04F79EFBC}") = "nd-req-ping", "..\src\nd-req-ping\nd-req-ping.csproj", "{6C24A607-1A22-495A-BB30-36CB07139255}"
EndProject
Project("{FAE04EC0-301F-11D3-BF4B-00C04F79EFBC}") = "nd-res-ping", "..\src\nd-res-ping\nd-res-ping.csproj", "{6C24A607-1A88-495A-AA30-36CB07139255}"
EndProject
Project("{FAE04EC0-301F-11D3-BF4B-00C04F79EFBC}") = "nd-sub-alive", "..\src\nd-sub-alive\nd-sub-alive.csproj", "{5D7CE01E-768C-4307-9D12-CE54EE58A7A6}"
EndProject
Project("{FAE04EC0-301F-11D3-BF4B-00C04F79EFBC}") = "nd-sub-echo", "..\src\nd-sub-echo\nd-sub-echo.csproj", "{8D18D609-7061-4A0B-882E-A9EC81E2D928}"
EndProject
Global
	GlobalSection(SolutionConfigurationPlatforms) = preSolution
		Debug|Any CPU = Debug|Any CPU
		Debug|Mixed Platforms = Debug|Mixed Platforms
		Debug|x86 = Debug|x86
		DebugMono|Any CPU = DebugMono|Any CPU
		DebugMono|Mixed Platforms = DebugMono|Mixed Platforms
		DebugMono|x86 = DebugMono|x86
		Release|Any CPU = Release|Any CPU
		Release|Mixed Platforms = Release|Mixed Platforms
		Release|x86 = Release|x86
		ReleaseMono|Any CPU = ReleaseMono|Any CPU
		ReleaseMono|Mixed Platforms = ReleaseMono|Mixed Platforms
		ReleaseMono|x86 = ReleaseMono|x86
	EndGlobalSection
	GlobalSection(ProjectConfigurationPlatforms) = postSolution
		{080B6B5C-9FC0-484E-A95D-BEB61AF9F17A}.Debug|Any CPU.ActiveCfg = Debug|x86
		{080B6B5C-9FC0-484E-A95D-BEB61AF9F17A}.Debug|Any CPU.Build.0 = Debug|x86
		{080B6B5C-9FC0-484E-A95D-BEB61AF9F17A}.Debug|Mixed Platforms.ActiveCfg = Debug|x86
		{080B6B5C-9FC0-484E-A95D-BEB61AF9F17A}.Debug|Mixed Platforms.Build.0 = Debug|x86
		{080B6B5C-9FC0-484E-A95D-BEB61AF9F17A}.Debug|x86.ActiveCfg = Debug|x86
		{080B6B5C-9FC0-484E-A95D-BEB61AF9F17A}.Debug|x86.Build.0 = Debug|x86
		{080B6B5C-9FC0-484E-A95D-BEB61AF9F17A}.DebugMono|Any CPU.ActiveCfg = DebugMono|x86
		{080B6B5C-9FC0-484E-A95D-BEB61AF9F17A}.DebugMono|Any CPU.Build.0 = DebugMono|x86
		{080B6B5C-9FC0-484E-A95D-BEB61AF9F17A}.DebugMono|Mixed Platforms.ActiveCfg = DebugMono|x86
		{080B6B5C-9FC0-484E-A95D-BEB61AF9F17A}.DebugMono|Mixed Platforms.Build.0 = DebugMono|x86
		{080B6B5C-9FC0-484E-A95D-BEB61AF9F17A}.DebugMono|x86.ActiveCfg = DebugMono|x86
		{080B6B5C-9FC0-484E-A95D-BEB61AF9F17A}.DebugMono|x86.Build.0 = DebugMono|x86
		{080B6B5C-9FC0-484E-A95D-BEB61AF9F17A}.Release|Any CPU.ActiveCfg = Release|x86
		{080B6B5C-9FC0-484E-A95D-BEB61AF9F17A}.Release|Any CPU.Build.0 = Release|x86
		{080B6B5C-9FC0-484E-A95D-BEB61AF9F17A}.Release|Mixed Platforms.ActiveCfg = Release|x86
		{080B6B5C-9FC0-484E-A95D-BEB61AF9F17A}.Release|Mixed Platforms.Build.0 = Release|x86
		{080B6B5C-9FC0-484E-A95D-BEB61AF9F17A}.Release|x86.ActiveCfg = Release|x86
		{080B6B5C-9FC0-484E-A95D-BEB61AF9F17A}.Release|x86.Build.0 = Release|x86
		{080B6B5C-9FC0-484E-A95D-BEB61AF9F17A}.ReleaseMono|Any CPU.ActiveCfg = ReleaseMono|x86
		{080B6B5C-9FC0-484E-A95D-BEB61AF9F17A}.ReleaseMono|Any CPU.Build.0 = ReleaseMono|x86
		{080B6B5C-9FC0-484E-A95D-BEB61AF9F17A}.ReleaseMono|Mixed Platforms.ActiveCfg = ReleaseMono|x86
		{080B6B5C-9FC0-484E-A95D-BEB61AF9F17A}.ReleaseMono|Mixed Platforms.Build.0 = ReleaseMono|x86
		{080B6B5C-9FC0-484E-A95D-BEB61AF9F17A}.ReleaseMono|x86.ActiveCfg = ReleaseMono|x86
		{080B6B5C-9FC0-484E-A95D-BEB61AF9F17A}.ReleaseMono|x86.Build.0 = ReleaseMono|x86
		{6F2ABBA0-4427-4F2F-8B61-535211336086}.Debug|Any CPU.ActiveCfg = Debug|x86
		{6F2ABBA0-4427-4F2F-8B61-535211336086}.Debug|Any CPU.Build.0 = Debug|x86
		{6F2ABBA0-4427-4F2F-8B61-535211336086}.Debug|Mixed Platforms.ActiveCfg = Debug|x86
		{6F2ABBA0-4427-4F2F-8B61-535211336086}.Debug|Mixed Platforms.Build.0 = Debug|x86
		{6F2ABBA0-4427-4F2F-8B61-535211336086}.Debug|x86.ActiveCfg = Debug|x86
		{6F2ABBA0-4427-4F2F-8B61-535211336086}.Debug|x86.Build.0 = Debug|x86
		{6F2ABBA0-4427-4F2F-8B61-535211336086}.DebugMono|Any CPU.ActiveCfg = DebugMono|x86
		{6F2ABBA0-4427-4F2F-8B61-535211336086}.DebugMono|Any CPU.Build.0 = DebugMono|x86
		{6F2ABBA0-4427-4F2F-8B61-535211336086}.DebugMono|Mixed Platforms.ActiveCfg = DebugMono|x86
		{6F2ABBA0-4427-4F2F-8B61-535211336086}.DebugMono|Mixed Platforms.Build.0 = DebugMono|x86
		{6F2ABBA0-4427-4F2F-8B61-535211336086}.DebugMono|x86.ActiveCfg = DebugMono|x86
		{6F2ABBA0-4427-4F2F-8B61-535211336086}.DebugMono|x86.Build.0 = DebugMono|x86
		{6F2ABBA0-4427-4F2F-8B61-535211336086}.Release|Any CPU.ActiveCfg = Release|x86
		{6F2ABBA0-4427-4F2F-8B61-535211336086}.Release|Any CPU.Build.0 = Release|x86
		{6F2ABBA0-4427-4F2F-8B61-535211336086}.Release|Mixed Platforms.ActiveCfg = Release|x86
		{6F2ABBA0-4427-4F2F-8B61-535211336086}.Release|Mixed Platforms.Build.0 = Release|x86
		{6F2ABBA0-4427-4F2F-8B61-535211336086}.Release|x86.ActiveCfg = Release|x86
		{6F2ABBA0-4427-4F2F-8B61-535211336086}.Release|x86.Build.0 = Release|x86
		{6F2ABBA0-4427-4F2F-8B61-535211336086}.ReleaseMono|Any CPU.ActiveCfg = ReleaseMono|x86
		{6F2ABBA0-4427-4F2F-8B61-535211336086}.ReleaseMono|Any CPU.Build.0 = ReleaseMono|x86
		{6F2ABBA0-4427-4F2F-8B61-535211336086}.ReleaseMono|Mixed Platforms.ActiveCfg = ReleaseMono|x86
		{6F2ABBA0-4427-4F2F-8B61-535211336086}.ReleaseMono|Mixed Platforms.Build.0 = ReleaseMono|x86
		{6F2ABBA0-4427-4F2F-8B61-535211336086}.ReleaseMono|x86.ActiveCfg = ReleaseMono|x86
		{6F2ABBA0-4427-4F2F-8B61-535211336086}.ReleaseMono|x86.Build.0 = ReleaseMono|x86
		{F486A34E-3416-412D-BEFD-875A05A96865}.Debug|Any CPU.ActiveCfg = Debug|x86
		{F486A34E-3416-412D-BEFD-875A05A96865}.Debug|Any CPU.Build.0 = Debug|x86
		{F486A34E-3416-412D-BEFD-875A05A96865}.Debug|Mixed Platforms.ActiveCfg = Debug|x86
		{F486A34E-3416-412D-BEFD-875A05A96865}.Debug|Mixed Platforms.Build.0 = Debug|x86
		{F486A34E-3416-412D-BEFD-875A05A96865}.Debug|x86.ActiveCfg = Debug|x86
		{F486A34E-3416-412D-BEFD-875A05A96865}.Debug|x86.Build.0 = Debug|x86
		{F486A34E-3416-412D-BEFD-875A05A96865}.DebugMono|Any CPU.ActiveCfg = DebugMono|x86
		{F486A34E-3416-412D-BEFD-875A05A96865}.DebugMono|Any CPU.Build.0 = DebugMono|x86
		{F486A34E-3416-412D-BEFD-875A05A96865}.DebugMono|Mixed Platforms.ActiveCfg = DebugMono|x86
		{F486A34E-3416-412D-BEFD-875A05A96865}.DebugMono|Mixed Platforms.Build.0 = DebugMono|x86
		{F486A34E-3416-412D-BEFD-875A05A96865}.DebugMono|x86.ActiveCfg = DebugMono|x86
		{F486A34E-3416-412D-BEFD-875A05A96865}.DebugMono|x86.Build.0 = DebugMono|x86
		{F486A34E-3416-412D-BEFD-875A05A96865}.Release|Any CPU.ActiveCfg = Release|x86
		{F486A34E-3416-412D-BEFD-875A05A96865}.Release|Any CPU.Build.0 = Release|x86
		{F486A34E-3416-412D-BEFD-875A05A96865}.Release|Mixed Platforms.ActiveCfg = Release|x86
		{F486A34E-3416-412D-BEFD-875A05A96865}.Release|Mixed Platforms.Build.0 = Release|x86
		{F486A34E-3416-412D-BEFD-875A05A96865}.Release|x86.ActiveCfg = Release|x86
		{F486A34E-3416-412D-BEFD-875A05A96865}.Release|x86.Build.0 = Release|x86
		{F486A34E-3416-412D-BEFD-875A05A96865}.ReleaseMono|Any CPU.ActiveCfg = ReleaseMono|x86
		{F486A34E-3416-412D-BEFD-875A05A96865}.ReleaseMono|Any CPU.Build.0 = ReleaseMono|x86
		{F486A34E-3416-412D-BEFD-875A05A96865}.ReleaseMono|Mixed Platforms.ActiveCfg = ReleaseMono|x86
		{F486A34E-3416-412D-BEFD-875A05A96865}.ReleaseMono|Mixed Platforms.Build.0 = ReleaseMono|x86
		{F486A34E-3416-412D-BEFD-875A05A96865}.ReleaseMono|x86.ActiveCfg = ReleaseMono|x86
		{F486A34E-3416-412D-BEFD-875A05A96865}.ReleaseMono|x86.Build.0 = ReleaseMono|x86
		{6C24A607-1A22-495A-BB30-36CB07139255}.Debug|Any CPU.ActiveCfg = Debug|x86
		{6C24A607-1A22-495A-BB30-36CB07139255}.Debug|Any CPU.Build.0 = Debug|x86
		{6C24A607-1A22-495A-BB30-36CB07139255}.Debug|Mixed Platforms.ActiveCfg = Debug|x86
		{6C24A607-1A22-495A-BB30-36CB07139255}.Debug|Mixed Platforms.Build.0 = Debug|x86
		{6C24A607-1A22-495A-BB30-36CB07139255}.Debug|x86.ActiveCfg = Debug|x86
		{6C24A607-1A22-495A-BB30-36CB07139255}.Debug|x86.Build.0 = Debug|x86
		{6C24A607-1A22-495A-BB30-36CB07139255}.DebugMono|Any CPU.ActiveCfg = DebugMono|x86
		{6C24A607-1A22-495A-BB30-36CB07139255}.DebugMono|Any CPU.Build.0 = DebugMono|x86
		{6C24A607-1A22-495A-BB30-36CB07139255}.DebugMono|Mixed Platforms.ActiveCfg = DebugMono|x86
		{6C24A607-1A22-495A-BB30-36CB07139255}.DebugMono|Mixed Platforms.Build.0 = DebugMono|x86
		{6C24A607-1A22-495A-BB30-36CB07139255}.DebugMono|x86.ActiveCfg = DebugMono|x86
		{6C24A607-1A22-495A-BB30-36CB07139255}.DebugMono|x86.Build.0 = DebugMono|x86
		{6C24A607-1A22-495A-BB30-36CB07139255}.Release|Any CPU.ActiveCfg = Release|x86
		{6C24A607-1A22-495A-BB30-36CB07139255}.Release|Any CPU.Build.0 = Release|x86
		{6C24A607-1A22-495A-BB30-36CB07139255}.Release|Mixed Platforms.ActiveCfg = Release|x86
		{6C24A607-1A22-495A-BB30-36CB07139255}.Release|Mixed Platforms.Build.0 = Release|x86
		{6C24A607-1A22-495A-BB30-36CB07139255}.Release|x86.ActiveCfg = Release|x86
		{6C24A607-1A22-495A-BB30-36CB07139255}.Release|x86.Build.0 = Release|x86
		{6C24A607-1A22-495A-BB30-36CB07139255}.ReleaseMono|Any CPU.ActiveCfg = ReleaseMono|x86
		{6C24A607-1A22-495A-BB30-36CB07139255}.ReleaseMono|Any CPU.Build.0 = ReleaseMono|x86
		{6C24A607-1A22-495A-BB30-36CB07139255}.ReleaseMono|Mixed Platforms.ActiveCfg = ReleaseMono|x86
		{6C24A607-1A22-495A-BB30-36CB07139255}.ReleaseMono|Mixed Platforms.Build.0 = ReleaseMono|x86
		{6C24A607-1A22-495A-BB30-36CB07139255}.ReleaseMono|x86.ActiveCfg = ReleaseMono|x86
		{6C24A607-1A22-495A-BB30-36CB07139255}.ReleaseMono|x86.Build.0 = ReleaseMono|x86
		{6C24A607-1A88-495A-AA30-36CB07139255}.Debug|Any CPU.ActiveCfg = Debug|x86
		{6C24A607-1A88-495A-AA30-36CB07139255}.Debug|Any CPU.Build.0 = Debug|x86
		{6C24A607-1A88-495A-AA30-36CB07139255}.Debug|Mixed Platforms.ActiveCfg = Debug|x86
		{6C24A607-1A88-495A-AA30-36CB07139255}.Debug|Mixed Platforms.Build.0 = Debug|x86
		{6C24A607-1A88-495A-AA30-36CB07139255}.Debug|x86.ActiveCfg = Debug|x86
		{6C24A607-1A88-495A-AA30-36CB07139255}.Debug|x86.Build.0 = Debug|x86
		{6C24A607-1A88-495A-AA30-36CB07139255}.DebugMono|Any CPU.ActiveCfg = DebugMono|x86
		{6C24A607-1A88-495A-AA30-36CB07139255}.DebugMono|Any CPU.Build.0 = DebugMono|x86
		{6C24A607-1A88-495A-AA30-36CB07139255}.DebugMono|Mixed Platforms.ActiveCfg = DebugMono|x86
		{6C24A607-1A88-495A-AA30-36CB07139255}.DebugMono|Mixed Platforms.Build.0 = DebugMono|x86
		{6C24A607-1A88-495A-AA30-36CB07139255}.DebugMono|x86.ActiveCfg = DebugMono|x86
		{6C24A607-1A88-495A-AA30-36CB07139255}.DebugMono|x86.Build.0 = DebugMono|x86
		{6C24A607-1A88-495A-AA30-36CB07139255}.Release|Any CPU.ActiveCfg = Release|x86
		{6C24A607-1A88-495A-AA30-36CB07139255}.Release|Any CPU.Build.0 = Release|x86
		{6C24A607-1A88-495A-AA30-36CB07139255}.Release|Mixed Platforms.ActiveCfg = Release|x86
		{6C24A607-1A88-495A-AA30-36CB07139255}.Release|Mixed Platforms.Build.0 = Release|x86
		{6C24A607-1A88-495A-AA30-36CB07139255}.Release|x86.ActiveCfg = Release|x86
		{6C24A607-1A88-495A-AA30-36CB07139255}.Release|x86.Build.0 = Release|x86
		{6C24A607-1A88-495A-AA30-36CB07139255}.ReleaseMono|Any CPU.ActiveCfg = ReleaseMono|x86
		{6C24A607-1A88-495A-AA30-36CB07139255}.ReleaseMono|Any CPU.Build.0 = ReleaseMono|x86
		{6C24A607-1A88-495A-AA30-36CB07139255}.ReleaseMono|Mixed Platforms.ActiveCfg = ReleaseMono|x86
		{6C24A607-1A88-495A-AA30-36CB07139255}.ReleaseMono|Mixed Platforms.Build.0 = ReleaseMono|x86
		{6C24A607-1A88-495A-AA30-36CB07139255}.ReleaseMono|x86.ActiveCfg = ReleaseMono|x86
		{6C24A607-1A88-495A-AA30-36CB07139255}.ReleaseMono|x86.Build.0 = ReleaseMono|x86
		{5D7CE01E-768C-4307-9D12-CE54EE58A7A6}.Debug|Any CPU.ActiveCfg = Debug|x86
		{5D7CE01E-768C-4307-9D12-CE54EE58A7A6}.Debug|Any CPU.Build.0 = Debug|x86
		{5D7CE01E-768C-4307-9D12-CE54EE58A7A6}.Debug|Mixed Platforms.ActiveCfg = Debug|x86
		{5D7CE01E-768C-4307-9D12-CE54EE58A7A6}.Debug|Mixed Platforms.Build.0 = Debug|x86
		{5D7CE01E-768C-4307-9D12-CE54EE58A7A6}.Debug|x86.ActiveCfg = Debug|x86
		{5D7CE01E-768C-4307-9D12-CE54EE58A7A6}.Debug|x86.Build.0 = Debug|x86
		{5D7CE01E-768C-4307-9D12-CE54EE58A7A6}.DebugMono|Any CPU.ActiveCfg = DebugMono|x86
		{5D7CE01E-768C-4307-9D12-CE54EE58A7A6}.DebugMono|Any CPU.Build.0 = DebugMono|x86
		{5D7CE01E-768C-4307-9D12-CE54EE58A7A6}.DebugMono|Mixed Platforms.ActiveCfg = DebugMono|x86
		{5D7CE01E-768C-4307-9D12-CE54EE58A7A6}.DebugMono|Mixed Platforms.Build.0 = DebugMono|x86
		{5D7CE01E-768C-4307-9D12-CE54EE58A7A6}.DebugMono|x86.ActiveCfg = DebugMono|x86
		{5D7CE01E-768C-4307-9D12-CE54EE58A7A6}.DebugMono|x86.Build.0 = DebugMono|x86
		{5D7CE01E-768C-4307-9D12-CE54EE58A7A6}.Release|Any CPU.ActiveCfg = Release|x86
		{5D7CE01E-768C-4307-9D12-CE54EE58A7A6}.Release|Any CPU.Build.0 = Release|x86
		{5D7CE01E-768C-4307-9D12-CE54EE58A7A6}.Release|Mixed Platforms.ActiveCfg = Release|x86
		{5D7CE01E-768C-4307-9D12-CE54EE58A7A6}.Release|Mixed Platforms.Build.0 = Release|x86
		{5D7CE01E-768C-4307-9D12-CE54EE58A7A6}.Release|x86.ActiveCfg = Release|x86
		{5D7CE01E-768C-4307-9D12-CE54EE58A7A6}.Release|x86.Build.0 = Release|x86
		{5D7CE01E-768C-4307-9D12-CE54EE58A7A6}.ReleaseMono|Any CPU.ActiveCfg = ReleaseMono|x86
		{5D7CE01E-768C-4307-9D12-CE54EE58A7A6}.ReleaseMono|Any CPU.Build.0 = ReleaseMono|x86
		{5D7CE01E-768C-4307-9D12-CE54EE58A7A6}.ReleaseMono|Mixed Platforms.ActiveCfg = ReleaseMono|x86
		{5D7CE01E-768C-4307-9D12-CE54EE58A7A6}.ReleaseMono|Mixed Platforms.Build.0 = ReleaseMono|x86
		{5D7CE01E-768C-4307-9D12-CE54EE58A7A6}.ReleaseMono|x86.ActiveCfg = ReleaseMono|x86
		{5D7CE01E-768C-4307-9D12-CE54EE58A7A6}.ReleaseMono|x86.Build.0 = ReleaseMono|x86
		{8D18D609-7061-4A0B-882E-A9EC81E2D928}.Debug|Any CPU.ActiveCfg = Debug|x86
		{8D18D609-7061-4A0B-882E-A9EC81E2D928}.Debug|Any CPU.Build.0 = Debug|x86
		{8D18D609-7061-4A0B-882E-A9EC81E2D928}.Debug|Mixed Platforms.ActiveCfg = Debug|x86
		{8D18D609-7061-4A0B-882E-A9EC81E2D928}.Debug|Mixed Platforms.Build.0 = Debug|x86
		{8D18D609-7061-4A0B-882E-A9EC81E2D928}.Debug|x86.ActiveCfg = Debug|x86
		{8D18D609-7061-4A0B-882E-A9EC81E2D928}.Debug|x86.Build.0 = Debug|x86
		{8D18D609-7061-4A0B-882E-A9EC81E2D928}.DebugMono|Any CPU.ActiveCfg = DebugMono|x86
		{8D18D609-7061-4A0B-882E-A9EC81E2D928}.DebugMono|Any CPU.Build.0 = DebugMono|x86
		{8D18D609-7061-4A0B-882E-A9EC81E2D928}.DebugMono|Mixed Platforms.ActiveCfg = DebugMono|x86
		{8D18D609-7061-4A0B-882E-A9EC81E2D928}.DebugMono|Mixed Platforms.Build.0 = DebugMono|x86
		{8D18D609-7061-4A0B-882E-A9EC81E2D928}.DebugMono|x86.ActiveCfg = DebugMono|x86
		{8D18D609-7061-4A0B-882E-A9EC81E2D928}.DebugMono|x86.Build.0 = DebugMono|x86
		{8D18D609-7061-4A0B-882E-A9EC81E2D928}.Release|Any CPU.ActiveCfg = Release|x86
		{8D18D609-7061-4A0B-882E-A9EC81E2D928}.Release|Any CPU.Build.0 = Release|x86
		{8D18D609-7061-4A0B-882E-A9EC81E2D928}.Release|Mixed Platforms.ActiveCfg = Release|x86
		{8D18D609-7061-4A0B-882E-A9EC81E2D928}.Release|Mixed Platforms.Build.0 = Release|x86
		{8D18D609-7061-4A0B-882E-A9EC81E2D928}.Release|x86.ActiveCfg = Release|x86
		{8D18D609-7061-4A0B-882E-A9EC81E2D928}.Release|x86.Build.0 = Release|x86
		{8D18D609-7061-4A0B-882E-A9EC81E2D928}.ReleaseMono|Any CPU.ActiveCfg = ReleaseMono|x86
		{8D18D609-7061-4A0B-882E-A9EC81E2D928}.ReleaseMono|Any CPU.Build.0 = ReleaseMono|x86
		{8D18D609-7061-4A0B-882E-A9EC81E2D928}.ReleaseMono|Mixed Platforms.ActiveCfg = ReleaseMono|x86
		{8D18D609-7061-4A0B-882E-A9EC81E2D928}.ReleaseMono|Mixed Platforms.Build.0 = ReleaseMono|x86
		{8D18D609-7061-4A0B-882E-A9EC81E2D928}.ReleaseMono|x86.ActiveCfg = ReleaseMono|x86
		{8D18D609-7061-4A0B-882E-A9EC81E2D928}.ReleaseMono|x86.Build.0 = ReleaseMono|x86
	EndGlobalSection
	GlobalSection(SolutionProperties) = preSolution
		HideSolutionNode = FALSE
	EndGlobalSection
EndGlobal
